<?xml version="1.0" encoding="utf-8"?>
<Project ToolsVersion="4.0" xmlns="http://schemas.microsoft.com/developer/msbuild/2003">
  <ItemGroup>
    <Filter Include="Ressourcendateien">
      <UniqueIdentifier>{67DA6AB6-F800-4c08-8B7A-83BB121AAD01}</UniqueIdentifier>
      <Extensions>rc;ico;cur;bmp;dlg;rc2;rct;bin;rgs;gif;jpg;jpeg;jpe;resx;tiff;tif;png;wav;mfcribbon-ms</Extensions>
    </Filter>
    <Filter Include="Shaders">
      <UniqueIdentifier>{3bf31a34-921f-4aa6-8480-bc719f85b51a}</UniqueIdentifier>
    </Filter>
    <Filter Include="Source">
      <UniqueIdentifier>{7ef4a405-5420-493a-891b-ccbaabc6cd06}</UniqueIdentifier>
    </Filter>
    <Filter Include="Source\Engine">
      <UniqueIdentifier>{4f8f6975-7c8b-498b-a69c-c50125122900}</UniqueIdentifier>
    </Filter>
    <Filter Include="Source\Engine\Core">
      <UniqueIdentifier>{4f183e00-6865-4eb9-94e7-d549693ef9e4}</UniqueIdentifier>
    </Filter>
    <Filter Include="Source\Engine\Physics">
      <UniqueIdentifier>{31880f32-4363-4cc6-a04b-077c66368618}</UniqueIdentifier>
    </Filter>
    <Filter Include="Source\Engine\Rendering">
      <UniqueIdentifier>{1e3e37ac-3dc9-4c3c-ad3e-b1b051164c91}</UniqueIdentifier>
    </Filter>
    <Filter Include="Source\Engine\Start">
      <UniqueIdentifier>{8b2cec54-c10b-4930-91fc-30922067b49b}</UniqueIdentifier>
    </Filter>
    <Filter Include="Source\Engine\Global">
      <UniqueIdentifier>{df4d9d17-2420-4007-ad9a-bba570429599}</UniqueIdentifier>
    </Filter>
  </ItemGroup>
  <ItemGroup>
    <ClCompile Include="Source\Engine\Core\EngineClock.cpp">
      <Filter>Source\Engine\Core</Filter>
    </ClCompile>
    <ClCompile Include="Source\Engine\Core\TriVActor.cpp">
      <Filter>Source\Engine\Core</Filter>
    </ClCompile>
    <ClCompile Include="Source\Engine\Core\TriVEngine.cpp">
      <Filter>Source\Engine\Core</Filter>
    </ClCompile>
    <ClCompile Include="Source\Engine\Core\TriVObject.cpp">
      <Filter>Source\Engine\Core</Filter>
    </ClCompile>
    <ClCompile Include="Source\Engine\Physics\PhysicsEngine.cpp">
      <Filter>Source\Engine\Physics</Filter>
    </ClCompile>
    <ClCompile Include="Source\Engine\Physics\PhysXErrorCallback.cpp">
      <Filter>Source\Engine\Physics</Filter>
    </ClCompile>
    <ClCompile Include="Source\Engine\Start\Main.cpp">
      <Filter>Source\Engine\Start</Filter>
    </ClCompile>
    <ClCompile Include="Source\Engine\TriVRenderer.cpp">
      <Filter>Source\Engine</Filter>
    </ClCompile>
  </ItemGroup>
  <ItemGroup>
    <ClInclude Include="Source\Engine\Core\EngineClock.hpp">
      <Filter>Source\Engine\Core</Filter>
    </ClInclude>
    <ClInclude Include="Source\Engine\Core\ITickable.hpp">
      <Filter>Source\Engine\Core</Filter>
    </ClInclude>
    <ClInclude Include="Source\Engine\Core\TriVActor.hpp">
      <Filter>Source\Engine\Core</Filter>
    </ClInclude>
    <ClInclude Include="Source\Engine\Core\TriVEngine.hpp">
      <Filter>Source\Engine\Core</Filter>
    </ClInclude>
    <ClInclude Include="Source\Engine\Core\TriVObject.hpp">
      <Filter>Source\Engine\Core</Filter>
    </ClInclude>
    <ClInclude Include="Source\Engine\Physics\PhysicsEngine.hpp">
      <Filter>Source\Engine\Physics</Filter>
    </ClInclude>
    <ClInclude Include="Source\Engine\Physics\PhysXDefaultAllocator.hpp">
      <Filter>Source\Engine\Physics</Filter>
    </ClInclude>
    <ClInclude Include="Source\Engine\Physics\PhysXErrorCallback.hpp">
      <Filter>Source\Engine\Physics</Filter>
    </ClInclude>
    <ClInclude Include="Source\Engine\Physics\IPhysicsTickable.hpp">
      <Filter>Source\Engine\Physics</Filter>
    </ClInclude>
    <ClInclude Include="Source\Engine\Rendering\IRenderable.hpp">
      <Filter>Source\Engine\Rendering</Filter>
    </ClInclude>
    <ClInclude Include="Source\Engine\TriVRenderer.hpp">
      <Filter>Source\Engine</Filter>
    </ClInclude>
    <ClInclude Include="Source\Engine\VDeleter.hpp">
      <Filter>Source\Engine</Filter>
    </ClInclude>
    <ClInclude Include="Source\Engine\Global\EngineGlobals.hpp">
      <Filter>Source\Engine\Global</Filter>
    </ClInclude>
  </ItemGroup>
  <ItemGroup>
    <None Include="Shaders\default.frag">
      <Filter>Shaders</Filter>
    </None>
    <None Include="Shaders\default.vert">
      <Filter>Shaders</Filter>
    </None>
    <None Include="README.md" />
    <None Include=".gitattributes" />
    <None Include=".gitignore" />
  </ItemGroup>
</Project>